
Microsoft Visual Studio Solution File, Format Version 12.00
# Visual Studio Version 17
VisualStudioVersion = 17.13.35931.197 d17.13
MinimumVisualStudioVersion = 10.0.40219.1
Project("{FAE04EC0-301F-11D3-BF4B-00C04F79EFBC}") = "BrandService", "BrandService\BrandService.csproj", "{E8441843-8508-44BE-92DA-9D2FFBB288FB}"
EndProject
Project("{FAE04EC0-301F-11D3-BF4B-00C04F79EFBC}") = "AppHost", "AppHost\AppHost.csproj", "{444E7B2D-BE24-4E89-858D-AFE06BC9758B}"
EndProject
Project("{FAE04EC0-301F-11D3-BF4B-00C04F79EFBC}") = "DealerService", "DealerService\DealerService.csproj", "{EB4ED05F-EEA0-49A3-A28D-7F3DCDE75C7A}"
EndProject
Project("{FAE04EC0-301F-11D3-BF4B-00C04F79EFBC}") = "ApiGateway", "ApiGateway\ApiGateway.csproj", "{0DB46DE7-16DD-43DD-B1E3-2D0779A7E412}"
EndProject
Project("{FAE04EC0-301F-11D3-BF4B-00C04F79EFBC}") = "UtilityService", "UtilityService\UtilityService.csproj", "{2C303C93-0A3C-4807-A48F-0B283B4913F9}"
EndProject
Project("{FAE04EC0-301F-11D3-BF4B-00C04F79EFBC}") = "IdentityService", "IdentityService\IdentityService.csproj", "{5DD68B0F-A397-4608-BA1C-64DEAABF8B4C}"
EndProject
Project("{FAE04EC0-301F-11D3-BF4B-00C04F79EFBC}") = "FinancialService", "FinancialService\FinancialService.csproj", "{26FC1DA4-3A1B-4CFB-B48F-30E24DA3F65A}"
EndProject
Project("{FAE04EC0-301F-11D3-BF4B-00C04F79EFBC}") = "CustomerService", "CustomerService\CustomerService.csproj", "{53488794-C28C-4D02-8021-587AB27D1DF9}"
EndProject
Project("{FAE04EC0-301F-11D3-BF4B-00C04F79EFBC}") = "IntelliAIService", "IntelliAIService\IntelliAIService.csproj", "{42F09706-5690-4C4E-B285-CE947EFD2E54}"
EndProject
Project("{FAE04EC0-301F-11D3-BF4B-00C04F79EFBC}") = "OrderService", "OrderService\OrderService.csproj", "{AEAD32F1-B7C1-4206-91C3-33F86235F076}"
EndProject
Global
	GlobalSection(SolutionConfigurationPlatforms) = preSolution
		Debug|Any CPU = Debug|Any CPU
		Release|Any CPU = Release|Any CPU
	EndGlobalSection
	GlobalSection(ProjectConfigurationPlatforms) = postSolution
		{E8441843-8508-44BE-92DA-9D2FFBB288FB}.Debug|Any CPU.ActiveCfg = Debug|Any CPU
		{E8441843-8508-44BE-92DA-9D2FFBB288FB}.Debug|Any CPU.Build.0 = Debug|Any CPU
		{E8441843-8508-44BE-92DA-9D2FFBB288FB}.Release|Any CPU.ActiveCfg = Release|Any CPU
		{E8441843-8508-44BE-92DA-9D2FFBB288FB}.Release|Any CPU.Build.0 = Release|Any CPU
		{444E7B2D-BE24-4E89-858D-AFE06BC9758B}.Debug|Any CPU.ActiveCfg = Debug|Any CPU
		{444E7B2D-BE24-4E89-858D-AFE06BC9758B}.Debug|Any CPU.Build.0 = Debug|Any CPU
		{444E7B2D-BE24-4E89-858D-AFE06BC9758B}.Release|Any CPU.ActiveCfg = Release|Any CPU
		{444E7B2D-BE24-4E89-858D-AFE06BC9758B}.Release|Any CPU.Build.0 = Release|Any CPU
		{EB4ED05F-EEA0-49A3-A28D-7F3DCDE75C7A}.Debug|Any CPU.ActiveCfg = Debug|Any CPU
		{EB4ED05F-EEA0-49A3-A28D-7F3DCDE75C7A}.Debug|Any CPU.Build.0 = Debug|Any CPU
		{EB4ED05F-EEA0-49A3-A28D-7F3DCDE75C7A}.Release|Any CPU.ActiveCfg = Release|Any CPU
		{EB4ED05F-EEA0-49A3-A28D-7F3DCDE75C7A}.Release|Any CPU.Build.0 = Release|Any CPU
		{0DB46DE7-16DD-43DD-B1E3-2D0779A7E412}.Debug|Any CPU.ActiveCfg = Debug|Any CPU
		{0DB46DE7-16DD-43DD-B1E3-2D0779A7E412}.Debug|Any CPU.Build.0 = Debug|Any CPU
		{0DB46DE7-16DD-43DD-B1E3-2D0779A7E412}.Release|Any CPU.ActiveCfg = Release|Any CPU
		{0DB46DE7-16DD-43DD-B1E3-2D0779A7E412}.Release|Any CPU.Build.0 = Release|Any CPU
		{2C303C93-0A3C-4807-A48F-0B283B4913F9}.Debug|Any CPU.ActiveCfg = Debug|Any CPU
		{2C303C93-0A3C-4807-A48F-0B283B4913F9}.Debug|Any CPU.Build.0 = Debug|Any CPU
		{2C303C93-0A3C-4807-A48F-0B283B4913F9}.Release|Any CPU.ActiveCfg = Release|Any CPU
		{2C303C93-0A3C-4807-A48F-0B283B4913F9}.Release|Any CPU.Build.0 = Release|Any CPU
		{5DD68B0F-A397-4608-BA1C-64DEAABF8B4C}.Debug|Any CPU.ActiveCfg = Debug|Any CPU
		{5DD68B0F-A397-4608-BA1C-64DEAABF8B4C}.Debug|Any CPU.Build.0 = Debug|Any CPU
		{5DD68B0F-A397-4608-BA1C-64DEAABF8B4C}.Release|Any CPU.ActiveCfg = Release|Any CPU
		{5DD68B0F-A397-4608-BA1C-64DEAABF8B4C}.Release|Any CPU.Build.0 = Release|Any CPU
		{26FC1DA4-3A1B-4CFB-B48F-30E24DA3F65A}.Debug|Any CPU.ActiveCfg = Debug|Any CPU
		{26FC1DA4-3A1B-4CFB-B48F-30E24DA3F65A}.Debug|Any CPU.Build.0 = Debug|Any CPU
		{26FC1DA4-3A1B-4CFB-B48F-30E24DA3F65A}.Release|Any CPU.ActiveCfg = Release|Any CPU
		{26FC1DA4-3A1B-4CFB-B48F-30E24DA3F65A}.Release|Any CPU.Build.0 = Release|Any CPU
		{53488794-C28C-4D02-8021-587AB27D1DF9}.Debug|Any CPU.ActiveCfg = Debug|Any CPU
		{53488794-C28C-4D02-8021-587AB27D1DF9}.Debug|Any CPU.Build.0 = Debug|Any CPU
		{53488794-C28C-4D02-8021-587AB27D1DF9}.Release|Any CPU.ActiveCfg = Release|Any CPU
		{53488794-C28C-4D02-8021-587AB27D1DF9}.Release|Any CPU.Build.0 = Release|Any CPU
		{42F09706-5690-4C4E-B285-CE947EFD2E54}.Debug|Any CPU.ActiveCfg = Debug|Any CPU
		{42F09706-5690-4C4E-B285-CE947EFD2E54}.Debug|Any CPU.Build.0 = Debug|Any CPU
		{42F09706-5690-4C4E-B285-CE947EFD2E54}.Release|Any CPU.ActiveCfg = Release|Any CPU
		{42F09706-5690-4C4E-B285-CE947EFD2E54}.Release|Any CPU.Build.0 = Release|Any CPU
		{AEAD32F1-B7C1-4206-91C3-33F86235F076}.Debug|Any CPU.ActiveCfg = Debug|Any CPU
		{AEAD32F1-B7C1-4206-91C3-33F86235F076}.Debug|Any CPU.Build.0 = Debug|Any CPU
		{AEAD32F1-B7C1-4206-91C3-33F86235F076}.Release|Any CPU.ActiveCfg = Release|Any CPU
		{AEAD32F1-B7C1-4206-91C3-33F86235F076}.Release|Any CPU.Build.0 = Release|Any CPU
	EndGlobalSection
	GlobalSection(SolutionProperties) = preSolution
		HideSolutionNode = FALSE
	EndGlobalSection
	GlobalSection(ExtensibilityGlobals) = postSolution
		SolutionGuid = {6088F1DB-980D-4D15-86D9-0B097C523F2D}
	EndGlobalSection
EndGlobal
